
Microsoft Visual Studio Solution File, Format Version 12.00
# Visual Studio 15
VisualStudioVersion = 15.0.28307.960
MinimumVisualStudioVersion = 10.0.40219.1
Project("{FAE04EC0-301F-11D3-BF4B-00C04F79EFBC}") = "Anduino", "Anduino\Anduino.csproj", "{84930BBA-45E5-4183-85B4-198487C2888C}"
EndProject
Global
	GlobalSection(SolutionConfigurationPlatforms) = preSolution
		Debug|Any CPU = Debug|Any CPU
		Release|Any CPU = Release|Any CPU
	EndGlobalSection
	GlobalSection(ProjectConfigurationPlatforms) = postSolution
		{84930BBA-45E5-4183-85B4-198487C2888C}.Debug|Any CPU.ActiveCfg = Debug|Any CPU
		{84930BBA-45E5-4183-85B4-198487C2888C}.Debug|Any CPU.Build.0 = Debug|Any CPU
		{84930BBA-45E5-4183-85B4-198487C2888C}.Release|Any CPU.ActiveCfg = Release|Any CPU
		{84930BBA-45E5-4183-85B4-198487C2888C}.Release|Any CPU.Build.0 = Release|Any CPU
	EndGlobalSection
	GlobalSection(SolutionProperties) = preSolution
		HideSolutionNode = FALSE
	EndGlobalSection
	GlobalSection(ExtensibilityGlobals) = postSolution
		SolutionGuid = {0306EDF6-6C51-4A30-8311-B1DE3796CC80}
	EndGlobalSection
EndGlobal
